
Microsoft Visual Studio Solution File, Format Version 12.00
# Visual Studio Version 16
VisualStudioVersion = 16.0.29709.97
MinimumVisualStudioVersion = 10.0.40219.1
Project("{FAE04EC0-301F-11D3-BF4B-00C04F79EFBC}") = "Xamarin-iOS-ListView-Cell-Bug.UWP", "Xamarin-iOS-ListView-Cell-Bug\Xamarin-iOS-ListView-Cell-Bug.UWP\Xamarin-iOS-ListView-Cell-Bug.UWP.csproj", "{66482FFF-D503-48F3-8061-D7FAE6A71E99}"
EndProject
Project("{FAE04EC0-301F-11D3-BF4B-00C04F79EFBC}") = "Xamarin-iOS-ListView-Cell-Bug.Android", "Xamarin-iOS-ListView-Cell-Bug\Xamarin-iOS-ListView-Cell-Bug.Android\Xamarin-iOS-ListView-Cell-Bug.Android.csproj", "{DD6642DA-1304-489D-8F8E-E7989E496BAF}"
EndProject
Project("{FAE04EC0-301F-11D3-BF4B-00C04F79EFBC}") = "Xamarin-iOS-ListView-Cell-Bug.iOS", "Xamarin-iOS-ListView-Cell-Bug\Xamarin-iOS-ListView-Cell-Bug.iOS\Xamarin-iOS-ListView-Cell-Bug.iOS.csproj", "{68DCB874-C8A4-4E95-880A-8DE515392E31}"
EndProject
Project("{FAE04EC0-301F-11D3-BF4B-00C04F79EFBC}") = "Xamarin-iOS-ListView-Cell-Bug", "Xamarin-iOS-ListView-Cell-Bug\Xamarin-iOS-ListView-Cell-Bug\Xamarin-iOS-ListView-Cell-Bug.csproj", "{20A0E2B8-2607-47BB-885D-88B0AB60241D}"
EndProject
Global
	GlobalSection(SolutionConfigurationPlatforms) = preSolution
		Debug|Any CPU = Debug|Any CPU
		Debug|ARM = Debug|ARM
		Debug|iPhone = Debug|iPhone
		Debug|iPhoneSimulator = Debug|iPhoneSimulator
		Debug|x64 = Debug|x64
		Debug|x86 = Debug|x86
		Release|Any CPU = Release|Any CPU
		Release|ARM = Release|ARM
		Release|iPhone = Release|iPhone
		Release|iPhoneSimulator = Release|iPhoneSimulator
		Release|x64 = Release|x64
		Release|x86 = Release|x86
	EndGlobalSection
	GlobalSection(ProjectConfigurationPlatforms) = postSolution
		{66482FFF-D503-48F3-8061-D7FAE6A71E99}.Debug|Any CPU.ActiveCfg = Debug|x86
		{66482FFF-D503-48F3-8061-D7FAE6A71E99}.Debug|Any CPU.Build.0 = Debug|x86
		{66482FFF-D503-48F3-8061-D7FAE6A71E99}.Debug|Any CPU.Deploy.0 = Debug|x86
		{66482FFF-D503-48F3-8061-D7FAE6A71E99}.Debug|ARM.ActiveCfg = Debug|ARM
		{66482FFF-D503-48F3-8061-D7FAE6A71E99}.Debug|ARM.Build.0 = Debug|ARM
		{66482FFF-D503-48F3-8061-D7FAE6A71E99}.Debug|ARM.Deploy.0 = Debug|ARM
		{66482FFF-D503-48F3-8061-D7FAE6A71E99}.Debug|iPhone.ActiveCfg = Debug|x86
		{66482FFF-D503-48F3-8061-D7FAE6A71E99}.Debug|iPhone.Build.0 = Debug|x86
		{66482FFF-D503-48F3-8061-D7FAE6A71E99}.Debug|iPhone.Deploy.0 = Debug|x86
		{66482FFF-D503-48F3-8061-D7FAE6A71E99}.Debug|iPhoneSimulator.ActiveCfg = Debug|x86
		{66482FFF-D503-48F3-8061-D7FAE6A71E99}.Debug|iPhoneSimulator.Build.0 = Debug|x86
		{66482FFF-D503-48F3-8061-D7FAE6A71E99}.Debug|iPhoneSimulator.Deploy.0 = Debug|x86
		{66482FFF-D503-48F3-8061-D7FAE6A71E99}.Debug|x64.ActiveCfg = Debug|x64
		{66482FFF-D503-48F3-8061-D7FAE6A71E99}.Debug|x64.Build.0 = Debug|x64
		{66482FFF-D503-48F3-8061-D7FAE6A71E99}.Debug|x64.Deploy.0 = Debug|x64
		{66482FFF-D503-48F3-8061-D7FAE6A71E99}.Debug|x86.ActiveCfg = Debug|x86
		{66482FFF-D503-48F3-8061-D7FAE6A71E99}.Debug|x86.Build.0 = Debug|x86
		{66482FFF-D503-48F3-8061-D7FAE6A71E99}.Debug|x86.Deploy.0 = Debug|x86
		{66482FFF-D503-48F3-8061-D7FAE6A71E99}.Release|Any CPU.ActiveCfg = Release|x86
		{66482FFF-D503-48F3-8061-D7FAE6A71E99}.Release|Any CPU.Build.0 = Release|x86
		{66482FFF-D503-48F3-8061-D7FAE6A71E99}.Release|Any CPU.Deploy.0 = Release|x86
		{66482FFF-D503-48F3-8061-D7FAE6A71E99}.Release|ARM.ActiveCfg = Release|ARM
		{66482FFF-D503-48F3-8061-D7FAE6A71E99}.Release|ARM.Build.0 = Release|ARM
		{66482FFF-D503-48F3-8061-D7FAE6A71E99}.Release|ARM.Deploy.0 = Release|ARM
		{66482FFF-D503-48F3-8061-D7FAE6A71E99}.Release|iPhone.ActiveCfg = Release|x86
		{66482FFF-D503-48F3-8061-D7FAE6A71E99}.Release|iPhone.Build.0 = Release|x86
		{66482FFF-D503-48F3-8061-D7FAE6A71E99}.Release|iPhone.Deploy.0 = Release|x86
		{66482FFF-D503-48F3-8061-D7FAE6A71E99}.Release|iPhoneSimulator.ActiveCfg = Release|x86
		{66482FFF-D503-48F3-8061-D7FAE6A71E99}.Release|iPhoneSimulator.Build.0 = Release|x86
		{66482FFF-D503-48F3-8061-D7FAE6A71E99}.Release|iPhoneSimulator.Deploy.0 = Release|x86
		{66482FFF-D503-48F3-8061-D7FAE6A71E99}.Release|x64.ActiveCfg = Release|x64
		{66482FFF-D503-48F3-8061-D7FAE6A71E99}.Release|x64.Build.0 = Release|x64
		{66482FFF-D503-48F3-8061-D7FAE6A71E99}.Release|x64.Deploy.0 = Release|x64
		{66482FFF-D503-48F3-8061-D7FAE6A71E99}.Release|x86.ActiveCfg = Release|x86
		{66482FFF-D503-48F3-8061-D7FAE6A71E99}.Release|x86.Build.0 = Release|x86
		{66482FFF-D503-48F3-8061-D7FAE6A71E99}.Release|x86.Deploy.0 = Release|x86
		{DD6642DA-1304-489D-8F8E-E7989E496BAF}.Debug|Any CPU.ActiveCfg = Debug|Any CPU
		{DD6642DA-1304-489D-8F8E-E7989E496BAF}.Debug|Any CPU.Build.0 = Debug|Any CPU
		{DD6642DA-1304-489D-8F8E-E7989E496BAF}.Debug|Any CPU.Deploy.0 = Debug|Any CPU
		{DD6642DA-1304-489D-8F8E-E7989E496BAF}.Debug|ARM.ActiveCfg = Debug|Any CPU
		{DD6642DA-1304-489D-8F8E-E7989E496BAF}.Debug|ARM.Build.0 = Debug|Any CPU
		{DD6642DA-1304-489D-8F8E-E7989E496BAF}.Debug|ARM.Deploy.0 = Debug|Any CPU
		{DD6642DA-1304-489D-8F8E-E7989E496BAF}.Debug|iPhone.ActiveCfg = Debug|Any CPU
		{DD6642DA-1304-489D-8F8E-E7989E496BAF}.Debug|iPhone.Build.0 = Debug|Any CPU
		{DD6642DA-1304-489D-8F8E-E7989E496BAF}.Debug|iPhone.Deploy.0 = Debug|Any CPU
		{DD6642DA-1304-489D-8F8E-E7989E496BAF}.Debug|iPhoneSimulator.ActiveCfg = Debug|Any CPU
		{DD6642DA-1304-489D-8F8E-E7989E496BAF}.Debug|iPhoneSimulator.Build.0 = Debug|Any CPU
		{DD6642DA-1304-489D-8F8E-E7989E496BAF}.Debug|iPhoneSimulator.Deploy.0 = Debug|Any CPU
		{DD6642DA-1304-489D-8F8E-E7989E496BAF}.Debug|x64.ActiveCfg = Debug|Any CPU
		{DD6642DA-1304-489D-8F8E-E7989E496BAF}.Debug|x64.Build.0 = Debug|Any CPU
		{DD6642DA-1304-489D-8F8E-E7989E496BAF}.Debug|x64.Deploy.0 = Debug|Any CPU
		{DD6642DA-1304-489D-8F8E-E7989E496BAF}.Debug|x86.ActiveCfg = Debug|Any CPU
		{DD6642DA-1304-489D-8F8E-E7989E496BAF}.Debug|x86.Build.0 = Debug|Any CPU
		{DD6642DA-1304-489D-8F8E-E7989E496BAF}.Debug|x86.Deploy.0 = Debug|Any CPU
		{DD6642DA-1304-489D-8F8E-E7989E496BAF}.Release|Any CPU.ActiveCfg = Release|Any CPU
		{DD6642DA-1304-489D-8F8E-E7989E496BAF}.Release|Any CPU.Build.0 = Release|Any CPU
		{DD6642DA-1304-489D-8F8E-E7989E496BAF}.Release|Any CPU.Deploy.0 = Release|Any CPU
		{DD6642DA-1304-489D-8F8E-E7989E496BAF}.Release|ARM.ActiveCfg = Release|Any CPU
		{DD6642DA-1304-489D-8F8E-E7989E496BAF}.Release|ARM.Build.0 = Release|Any CPU
		{DD6642DA-1304-489D-8F8E-E7989E496BAF}.Release|ARM.Deploy.0 = Release|Any CPU
		{DD6642DA-1304-489D-8F8E-E7989E496BAF}.Release|iPhone.ActiveCfg = Release|Any CPU
		{DD6642DA-1304-489D-8F8E-E7989E496BAF}.Release|iPhone.Build.0 = Release|Any CPU
		{DD6642DA-1304-489D-8F8E-E7989E496BAF}.Release|iPhone.Deploy.0 = Release|Any CPU
		{DD6642DA-1304-489D-8F8E-E7989E496BAF}.Release|iPhoneSimulator.ActiveCfg = Release|Any CPU
		{DD6642DA-1304-489D-8F8E-E7989E496BAF}.Release|iPhoneSimulator.Build.0 = Release|Any CPU
		{DD6642DA-1304-489D-8F8E-E7989E496BAF}.Release|iPhoneSimulator.Deploy.0 = Release|Any CPU
		{DD6642DA-1304-489D-8F8E-E7989E496BAF}.Release|x64.ActiveCfg = Release|Any CPU
		{DD6642DA-1304-489D-8F8E-E7989E496BAF}.Release|x64.Build.0 = Release|Any CPU
		{DD6642DA-1304-489D-8F8E-E7989E496BAF}.Release|x64.Deploy.0 = Release|Any CPU
		{DD6642DA-1304-489D-8F8E-E7989E496BAF}.Release|x86.ActiveCfg = Release|Any CPU
		{DD6642DA-1304-489D-8F8E-E7989E496BAF}.Release|x86.Build.0 = Release|Any CPU
		{DD6642DA-1304-489D-8F8E-E7989E496BAF}.Release|x86.Deploy.0 = Release|Any CPU
		{68DCB874-C8A4-4E95-880A-8DE515392E31}.Debug|Any CPU.ActiveCfg = Debug|iPhone
		{68DCB874-C8A4-4E95-880A-8DE515392E31}.Debug|Any CPU.Build.0 = Debug|iPhone
		{68DCB874-C8A4-4E95-880A-8DE515392E31}.Debug|Any CPU.Deploy.0 = Debug|iPhone
		{68DCB874-C8A4-4E95-880A-8DE515392E31}.Debug|ARM.ActiveCfg = Debug|iPhoneSimulator
		{68DCB874-C8A4-4E95-880A-8DE515392E31}.Debug|ARM.Build.0 = Debug|iPhoneSimulator
		{68DCB874-C8A4-4E95-880A-8DE515392E31}.Debug|ARM.Deploy.0 = Debug|iPhoneSimulator
		{68DCB874-C8A4-4E95-880A-8DE515392E31}.Debug|iPhone.ActiveCfg = Debug|iPhone
		{68DCB874-C8A4-4E95-880A-8DE515392E31}.Debug|iPhone.Build.0 = Debug|iPhone
		{68DCB874-C8A4-4E95-880A-8DE515392E31}.Debug|iPhone.Deploy.0 = Debug|iPhone
		{68DCB874-C8A4-4E95-880A-8DE515392E31}.Debug|iPhoneSimulator.ActiveCfg = Debug|iPhoneSimulator
		{68DCB874-C8A4-4E95-880A-8DE515392E31}.Debug|iPhoneSimulator.Build.0 = Debug|iPhoneSimulator
		{68DCB874-C8A4-4E95-880A-8DE515392E31}.Debug|iPhoneSimulator.Deploy.0 = Debug|iPhoneSimulator
		{68DCB874-C8A4-4E95-880A-8DE515392E31}.Debug|x64.ActiveCfg = Debug|iPhone
		{68DCB874-C8A4-4E95-880A-8DE515392E31}.Debug|x64.Build.0 = Debug|iPhone
		{68DCB874-C8A4-4E95-880A-8DE515392E31}.Debug|x64.Deploy.0 = Debug|iPhone
		{68DCB874-C8A4-4E95-880A-8DE515392E31}.Debug|x86.ActiveCfg = Debug|iPhone
		{68DCB874-C8A4-4E95-880A-8DE515392E31}.Debug|x86.Build.0 = Debug|iPhone
		{68DCB874-C8A4-4E95-880A-8DE515392E31}.Debug|x86.Deploy.0 = Debug|iPhone
		{68DCB874-C8A4-4E95-880A-8DE515392E31}.Release|Any CPU.ActiveCfg = Release|iPhone
		{68DCB874-C8A4-4E95-880A-8DE515392E31}.Release|Any CPU.Build.0 = Release|iPhone
		{68DCB874-C8A4-4E95-880A-8DE515392E31}.Release|Any CPU.Deploy.0 = Release|iPhone
		{68DCB874-C8A4-4E95-880A-8DE515392E31}.Release|ARM.ActiveCfg = Release|iPhone
		{68DCB874-C8A4-4E95-880A-8DE515392E31}.Release|ARM.Build.0 = Release|iPhone
		{68DCB874-C8A4-4E95-880A-8DE515392E31}.Release|ARM.Deploy.0 = Release|iPhone
		{68DCB874-C8A4-4E95-880A-8DE515392E31}.Release|iPhone.ActiveCfg = Release|iPhone
		{68DCB874-C8A4-4E95-880A-8DE515392E31}.Release|iPhone.Build.0 = Release|iPhone
		{68DCB874-C8A4-4E95-880A-8DE515392E31}.Release|iPhone.Deploy.0 = Release|iPhone
		{68DCB874-C8A4-4E95-880A-8DE515392E31}.Release|iPhoneSimulator.ActiveCfg = Release|iPhoneSimulator
		{68DCB874-C8A4-4E95-880A-8DE515392E31}.Release|iPhoneSimulator.Build.0 = Release|iPhoneSimulator
		{68DCB874-C8A4-4E95-880A-8DE515392E31}.Release|iPhoneSimulator.Deploy.0 = Release|iPhoneSimulator
		{68DCB874-C8A4-4E95-880A-8DE515392E31}.Release|x64.ActiveCfg = Release|iPhone
		{68DCB874-C8A4-4E95-880A-8DE515392E31}.Release|x64.Build.0 = Release|iPhone
		{68DCB874-C8A4-4E95-880A-8DE515392E31}.Release|x64.Deploy.0 = Release|iPhone
		{68DCB874-C8A4-4E95-880A-8DE515392E31}.Release|x86.ActiveCfg = Release|iPhone
		{68DCB874-C8A4-4E95-880A-8DE515392E31}.Release|x86.Build.0 = Release|iPhone
		{68DCB874-C8A4-4E95-880A-8DE515392E31}.Release|x86.Deploy.0 = Release|iPhone
		{20A0E2B8-2607-47BB-885D-88B0AB60241D}.Debug|Any CPU.ActiveCfg = Debug|Any CPU
		{20A0E2B8-2607-47BB-885D-88B0AB60241D}.Debug|Any CPU.Build.0 = Debug|Any CPU
		{20A0E2B8-2607-47BB-885D-88B0AB60241D}.Debug|Any CPU.Deploy.0 = Debug|Any CPU
		{20A0E2B8-2607-47BB-885D-88B0AB60241D}.Debug|ARM.ActiveCfg = Debug|Any CPU
		{20A0E2B8-2607-47BB-885D-88B0AB60241D}.Debug|ARM.Build.0 = Debug|Any CPU
		{20A0E2B8-2607-47BB-885D-88B0AB60241D}.Debug|ARM.Deploy.0 = Debug|Any CPU
		{20A0E2B8-2607-47BB-885D-88B0AB60241D}.Debug|iPhone.ActiveCfg = Debug|Any CPU
		{20A0E2B8-2607-47BB-885D-88B0AB60241D}.Debug|iPhone.Build.0 = Debug|Any CPU
		{20A0E2B8-2607-47BB-885D-88B0AB60241D}.Debug|iPhone.Deploy.0 = Debug|Any CPU
		{20A0E2B8-2607-47BB-885D-88B0AB60241D}.Debug|iPhoneSimulator.ActiveCfg = Debug|Any CPU
		{20A0E2B8-2607-47BB-885D-88B0AB60241D}.Debug|iPhoneSimulator.Build.0 = Debug|Any CPU
		{20A0E2B8-2607-47BB-885D-88B0AB60241D}.Debug|iPhoneSimulator.Deploy.0 = Debug|Any CPU
		{20A0E2B8-2607-47BB-885D-88B0AB60241D}.Debug|x64.ActiveCfg = Debug|Any CPU
		{20A0E2B8-2607-47BB-885D-88B0AB60241D}.Debug|x64.Build.0 = Debug|Any CPU
		{20A0E2B8-2607-47BB-885D-88B0AB60241D}.Debug|x64.Deploy.0 = Debug|Any CPU
		{20A0E2B8-2607-47BB-885D-88B0AB60241D}.Debug|x86.ActiveCfg = Debug|Any CPU
		{20A0E2B8-2607-47BB-885D-88B0AB60241D}.Debug|x86.Build.0 = Debug|Any CPU
		{20A0E2B8-2607-47BB-885D-88B0AB60241D}.Debug|x86.Deploy.0 = Debug|Any CPU
		{20A0E2B8-2607-47BB-885D-88B0AB60241D}.Release|Any CPU.ActiveCfg = Release|Any CPU
		{20A0E2B8-2607-47BB-885D-88B0AB60241D}.Release|Any CPU.Build.0 = Release|Any CPU
		{20A0E2B8-2607-47BB-885D-88B0AB60241D}.Release|Any CPU.Deploy.0 = Release|Any CPU
		{20A0E2B8-2607-47BB-885D-88B0AB60241D}.Release|ARM.ActiveCfg = Release|Any CPU
		{20A0E2B8-2607-47BB-885D-88B0AB60241D}.Release|ARM.Build.0 = Release|Any CPU
		{20A0E2B8-2607-47BB-885D-88B0AB60241D}.Release|ARM.Deploy.0 = Release|Any CPU
		{20A0E2B8-2607-47BB-885D-88B0AB60241D}.Release|iPhone.ActiveCfg = Release|Any CPU
		{20A0E2B8-2607-47BB-885D-88B0AB60241D}.Release|iPhone.Build.0 = Release|Any CPU
		{20A0E2B8-2607-47BB-885D-88B0AB60241D}.Release|iPhone.Deploy.0 = Release|Any CPU
		{20A0E2B8-2607-47BB-885D-88B0AB60241D}.Release|iPhoneSimulator.ActiveCfg = Release|Any CPU
		{20A0E2B8-2607-47BB-885D-88B0AB60241D}.Release|iPhoneSimulator.Build.0 = Release|Any CPU
		{20A0E2B8-2607-47BB-885D-88B0AB60241D}.Release|iPhoneSimulator.Deploy.0 = Release|Any CPU
		{20A0E2B8-2607-47BB-885D-88B0AB60241D}.Release|x64.ActiveCfg = Release|Any CPU
		{20A0E2B8-2607-47BB-885D-88B0AB60241D}.Release|x64.Build.0 = Release|Any CPU
		{20A0E2B8-2607-47BB-885D-88B0AB60241D}.Release|x64.Deploy.0 = Release|Any CPU
		{20A0E2B8-2607-47BB-885D-88B0AB60241D}.Release|x86.ActiveCfg = Release|Any CPU
		{20A0E2B8-2607-47BB-885D-88B0AB60241D}.Release|x86.Build.0 = Release|Any CPU
		{20A0E2B8-2607-47BB-885D-88B0AB60241D}.Release|x86.Deploy.0 = Release|Any CPU
	EndGlobalSection
	GlobalSection(SolutionProperties) = preSolution
		HideSolutionNode = FALSE
	EndGlobalSection
	GlobalSection(ExtensibilityGlobals) = postSolution
		SolutionGuid = {119D2034-1A87-4F58-AA4F-E630324B096B}
	EndGlobalSection
EndGlobal
